# This file is autogenerated, do not edit; changes may be undone by the next 'dep ensure'.


[[projects]]
  branch = "master"
  digest = "1:46f71a12efeafb242f52acd2e593886ca32dfb720dd368d8ad7f4c20f13e8395"
  name = "github.com/idata-shopee/goaio"
  packages = ["."]
  pruneopts = "UT"
  revision = "11680595d15f930d459ae720dcf365657b21b1ee"

[[projects]]
  branch = "master"
  digest = "1:a99b91cdaf3b193940352722e4ee8e3dafeb8b87705efa5bb61bd9627e74246f"
  name = "github.com/idata-shopee/gopcp"
  packages = ["."]
  pruneopts = "UT"
  revision = "46afddfb90bb1b9d14345c8d4c0d3e4ca543819c"

[[projects]]
  branch = "master"
  digest = "1:8487e0b3ea9326517fdf290d1a0d5f091ea3a5a63853d79141bf88bdde86e555"
  name = "github.com/idata-shopee/gopool"
  packages = ["."]
  pruneopts = "UT"
  revision = "fc26f36461618ec8d729b3987ffec70f123072ee"

[[projects]]
  branch = "master"
  digest = "1:a3b8912deeef29007fab9a13a9f21b9e9b59c621a2ed61e2fe7b37320a71fbd5"
  name = "github.com/satori/go.uuid"
  packages = ["."]
  pruneopts = "UT"
  revision = "b2ce2384e17bbe0c6d34077efa39dbab3e09123b"

[solve-meta]
  analyzer-name = "dep"
  analyzer-version = 1
  input-imports = [
    "github.com/idata-shopee/goaio",
    "github.com/idata-shopee/gopcp",
    "github.com/idata-shopee/gopool",
    "github.com/satori/go.uuid",
  ]
  solver-name = "gps-cdcl"
  solver-version = 1
