# This file is autogenerated, do not edit; changes may be undone by the next 'dep ensure'.


[[projects]]
  branch = "master"
  digest = "1:46f71a12efeafb242f52acd2e593886ca32dfb720dd368d8ad7f4c20f13e8395"
  name = "github.com/idata-shopee/goaio"
  packages = ["."]
  pruneopts = "UT"
  revision = "11680595d15f930d459ae720dcf365657b21b1ee"

[[projects]]
  branch = "master"
  digest = "1:a99b91cdaf3b193940352722e4ee8e3dafeb8b87705efa5bb61bd9627e74246f"
  name = "github.com/idata-shopee/gopcp"
  packages = ["."]
  pruneopts = "UT"
  revision = "46afddfb90bb1b9d14345c8d4c0d3e4ca543819c"

[[projects]]
  branch = "master"
  digest = "1:ca3681f6e4804d2b2d6ebfb237a2344f3309b61c462f637f03fbb2174f6ce97f"
  name = "github.com/idata-shopee/gopool"
  packages = ["."]
  pruneopts = "UT"
  revision = "e1576262f8643bd2a72e0a615ae31c1f103f6e86"

[[projects]]
  digest = "1:274f67cb6fed9588ea2521ecdac05a6d62a8c51c074c1fccc6a49a40ba80e925"
  name = "github.com/satori/go.uuid"
  packages = ["."]
  pruneopts = "UT"
  revision = "f58768cc1a7a7e77a3bd49e98cdd21419399b6a3"
  version = "v1.2.0"

[solve-meta]
  analyzer-name = "dep"
  analyzer-version = 1
  input-imports = [
    "github.com/idata-shopee/goaio",
    "github.com/idata-shopee/gopcp",
    "github.com/idata-shopee/gopool",
    "github.com/satori/go.uuid",
  ]
  solver-name = "gps-cdcl"
  solver-version = 1
